
Microsoft Visual Studio Solution File, Format Version 12.00
# Visual Studio Version 16
VisualStudioVersion = 16.0.31702.278
MinimumVisualStudioVersion = 10.0.40219.1
Project("{FAE04EC0-301F-11D3-BF4B-00C04F79EFBC}") = "TestUserAuthentication", "TestUserAuthentication\TestUserAuthentication.csproj", "{0FEB143A-9CAC-4B4E-9A0D-A84C901441D0}"
EndProject
Project("{FAE04EC0-301F-11D3-BF4B-00C04F79EFBC}") = "UserAuthentication", "UserAuthentication\UserAuthentication.csproj", "{6F37C105-2168-48B5-A944-F9EBF4737BEA}"
EndProject
Global
	GlobalSection(SolutionConfigurationPlatforms) = preSolution
		Debug|Any CPU = Debug|Any CPU
		Release|Any CPU = Release|Any CPU
	EndGlobalSection
	GlobalSection(ProjectConfigurationPlatforms) = postSolution
		{0FEB143A-9CAC-4B4E-9A0D-A84C901441D0}.Debug|Any CPU.ActiveCfg = Debug|Any CPU
		{0FEB143A-9CAC-4B4E-9A0D-A84C901441D0}.Debug|Any CPU.Build.0 = Debug|Any CPU
		{0FEB143A-9CAC-4B4E-9A0D-A84C901441D0}.Release|Any CPU.ActiveCfg = Release|Any CPU
		{0FEB143A-9CAC-4B4E-9A0D-A84C901441D0}.Release|Any CPU.Build.0 = Release|Any CPU
		{6F37C105-2168-48B5-A944-F9EBF4737BEA}.Debug|Any CPU.ActiveCfg = Debug|Any CPU
		{6F37C105-2168-48B5-A944-F9EBF4737BEA}.Debug|Any CPU.Build.0 = Debug|Any CPU
		{6F37C105-2168-48B5-A944-F9EBF4737BEA}.Release|Any CPU.ActiveCfg = Release|Any CPU
		{6F37C105-2168-48B5-A944-F9EBF4737BEA}.Release|Any CPU.Build.0 = Release|Any CPU
	EndGlobalSection
	GlobalSection(SolutionProperties) = preSolution
		HideSolutionNode = FALSE
	EndGlobalSection
	GlobalSection(ExtensibilityGlobals) = postSolution
		SolutionGuid = {585FDA6B-6FEC-4B5E-8C1A-64DCAD4ADD54}
	EndGlobalSection
EndGlobal
